
Microsoft Visual Studio Solution File, Format Version 12.00
# Visual Studio Version 17
VisualStudioVersion = 17.7.34221.43
MinimumVisualStudioVersion = 10.0.40219.1
Project("{54A90642-561A-4BB1-A94E-469ADEE60C69}") = "reactapp", "reactapp\reactapp.esproj", "{A6EBC389-5ECF-4B15-BAA0-AD5C34C7F721}"
EndProject
Project("{9A19103F-16F7-4668-BE54-9A1E7A4F7556}") = "webapi", "webapi\webapi.csproj", "{03F23A26-E251-47E8-8B75-18BE71EA4A8D}"
EndProject
Global
	GlobalSection(SolutionConfigurationPlatforms) = preSolution
		Debug|Any CPU = Debug|Any CPU
		Release|Any CPU = Release|Any CPU
	EndGlobalSection
	GlobalSection(ProjectConfigurationPlatforms) = postSolution
		{A6EBC389-5ECF-4B15-BAA0-AD5C34C7F721}.Debug|Any CPU.ActiveCfg = Debug|Any CPU
		{A6EBC389-5ECF-4B15-BAA0-AD5C34C7F721}.Debug|Any CPU.Build.0 = Debug|Any CPU
		{A6EBC389-5ECF-4B15-BAA0-AD5C34C7F721}.Debug|Any CPU.Deploy.0 = Debug|Any CPU
		{A6EBC389-5ECF-4B15-BAA0-AD5C34C7F721}.Release|Any CPU.ActiveCfg = Release|Any CPU
		{A6EBC389-5ECF-4B15-BAA0-AD5C34C7F721}.Release|Any CPU.Build.0 = Release|Any CPU
		{A6EBC389-5ECF-4B15-BAA0-AD5C34C7F721}.Release|Any CPU.Deploy.0 = Release|Any CPU
		{03F23A26-E251-47E8-8B75-18BE71EA4A8D}.Debug|Any CPU.ActiveCfg = Debug|Any CPU
		{03F23A26-E251-47E8-8B75-18BE71EA4A8D}.Debug|Any CPU.Build.0 = Debug|Any CPU
		{03F23A26-E251-47E8-8B75-18BE71EA4A8D}.Release|Any CPU.ActiveCfg = Release|Any CPU
		{03F23A26-E251-47E8-8B75-18BE71EA4A8D}.Release|Any CPU.Build.0 = Release|Any CPU
	EndGlobalSection
	GlobalSection(SolutionProperties) = preSolution
		HideSolutionNode = FALSE
	EndGlobalSection
	GlobalSection(ExtensibilityGlobals) = postSolution
		SolutionGuid = {829A15F2-8E0F-483D-81A1-CB43B22B64C0}
	EndGlobalSection
EndGlobal
